
Microsoft Visual Studio Solution File, Format Version 12.00
# Visual Studio 14
VisualStudioVersion = 14.0.23107.0
MinimumVisualStudioVersion = 10.0.40219.1
Project("{FAE04EC0-301F-11D3-BF4B-00C04F79EFBC}") = "VisitorIQ.Client", "VisitorIQ.Client\VisitorIQ.Client.csproj", "{F059C3B6-7505-491B-BFEE-40DAF56F7758}"
EndProject
Project("{FAE04EC0-301F-11D3-BF4B-00C04F79EFBC}") = "VisitorIQ.Client.Console", "VisitorIQ.Client.Console\VisitorIQ.Client.Console.csproj", "{FC4F1E40-8532-4B0A-AF84-39118A915400}"
EndProject
Global
	GlobalSection(SolutionConfigurationPlatforms) = preSolution
		Debug|Any CPU = Debug|Any CPU
		Release|Any CPU = Release|Any CPU
	EndGlobalSection
	GlobalSection(ProjectConfigurationPlatforms) = postSolution
		{F059C3B6-7505-491B-BFEE-40DAF56F7758}.Debug|Any CPU.ActiveCfg = Debug|Any CPU
		{F059C3B6-7505-491B-BFEE-40DAF56F7758}.Debug|Any CPU.Build.0 = Debug|Any CPU
		{F059C3B6-7505-491B-BFEE-40DAF56F7758}.Release|Any CPU.ActiveCfg = Release|Any CPU
		{F059C3B6-7505-491B-BFEE-40DAF56F7758}.Release|Any CPU.Build.0 = Release|Any CPU
		{FC4F1E40-8532-4B0A-AF84-39118A915400}.Debug|Any CPU.ActiveCfg = Debug|Any CPU
		{FC4F1E40-8532-4B0A-AF84-39118A915400}.Debug|Any CPU.Build.0 = Debug|Any CPU
		{FC4F1E40-8532-4B0A-AF84-39118A915400}.Release|Any CPU.ActiveCfg = Release|Any CPU
		{FC4F1E40-8532-4B0A-AF84-39118A915400}.Release|Any CPU.Build.0 = Release|Any CPU
	EndGlobalSection
	GlobalSection(SolutionProperties) = preSolution
		HideSolutionNode = FALSE
	EndGlobalSection
EndGlobal
