
Microsoft Visual Studio Solution File, Format Version 12.00
# Visual Studio 14
VisualStudioVersion = 14.0.23107.0
MinimumVisualStudioVersion = 10.0.40219.1
Project("{FAE04EC0-301F-11D3-BF4B-00C04F79EFBC}") = "FreeGeoIP.Client", "FreeGeoIP.Client\FreeGeoIP.Client.csproj", "{9E5EEFBA-992B-422E-A919-1C7C2EFCD63C}"
EndProject
Project("{FAE04EC0-301F-11D3-BF4B-00C04F79EFBC}") = "FreeGeoIP.Client.Console", "FreeGeoIP.Client.Console\FreeGeoIP.Client.Console.csproj", "{30F9D2E8-0A09-4AEE-AC58-E0373194CD63}"
EndProject
Global
	GlobalSection(SolutionConfigurationPlatforms) = preSolution
		Debug|Any CPU = Debug|Any CPU
		Release|Any CPU = Release|Any CPU
	EndGlobalSection
	GlobalSection(ProjectConfigurationPlatforms) = postSolution
		{9E5EEFBA-992B-422E-A919-1C7C2EFCD63C}.Debug|Any CPU.ActiveCfg = Debug|Any CPU
		{9E5EEFBA-992B-422E-A919-1C7C2EFCD63C}.Debug|Any CPU.Build.0 = Debug|Any CPU
		{9E5EEFBA-992B-422E-A919-1C7C2EFCD63C}.Release|Any CPU.ActiveCfg = Release|Any CPU
		{9E5EEFBA-992B-422E-A919-1C7C2EFCD63C}.Release|Any CPU.Build.0 = Release|Any CPU
		{30F9D2E8-0A09-4AEE-AC58-E0373194CD63}.Debug|Any CPU.ActiveCfg = Debug|Any CPU
		{30F9D2E8-0A09-4AEE-AC58-E0373194CD63}.Debug|Any CPU.Build.0 = Debug|Any CPU
		{30F9D2E8-0A09-4AEE-AC58-E0373194CD63}.Release|Any CPU.ActiveCfg = Release|Any CPU
		{30F9D2E8-0A09-4AEE-AC58-E0373194CD63}.Release|Any CPU.Build.0 = Release|Any CPU
	EndGlobalSection
	GlobalSection(SolutionProperties) = preSolution
		HideSolutionNode = FALSE
	EndGlobalSection
EndGlobal
